
Microsoft Visual Studio Solution File, Format Version 12.00
# Visual Studio Version 16
VisualStudioVersion = 16.0.31205.134
MinimumVisualStudioVersion = 10.0.40219.1
Project("{FAE04EC0-301F-11D3-BF4B-00C04F79EFBC}") = "CS-IA-Ibasic-Intouch-Re", "CS-IA-Ibasic-Intouch-Re.csproj", "{6B59B822-27A1-4360-B4EE-742C93CBF7B9}"
EndProject
Global
	GlobalSection(SolutionConfigurationPlatforms) = preSolution
		Debug|Any CPU = Debug|Any CPU
		Release|Any CPU = Release|Any CPU
	EndGlobalSection
	GlobalSection(ProjectConfigurationPlatforms) = postSolution
		{6B59B822-27A1-4360-B4EE-742C93CBF7B9}.Debug|Any CPU.ActiveCfg = Debug|Any CPU
		{6B59B822-27A1-4360-B4EE-742C93CBF7B9}.Debug|Any CPU.Build.0 = Debug|Any CPU
		{6B59B822-27A1-4360-B4EE-742C93CBF7B9}.Release|Any CPU.ActiveCfg = Release|Any CPU
		{6B59B822-27A1-4360-B4EE-742C93CBF7B9}.Release|Any CPU.Build.0 = Release|Any CPU
	EndGlobalSection
	GlobalSection(SolutionProperties) = preSolution
		HideSolutionNode = FALSE
	EndGlobalSection
	GlobalSection(ExtensibilityGlobals) = postSolution
		SolutionGuid = {407ED1E2-80A8-41FE-A1E9-2B89FEC41E55}
	EndGlobalSection
EndGlobal
